// !$*UTF8*$!
{
	archiveVersion = 1;
	classes = {
	};
	objectVersion = 50;
	objects = {

/* Begin PBXBuildFile section */
		50041FE824CA6630006EFA31 /* main.swift in Sources */ = {isa = PBXBuildFile; fileRef = 50041FE724CA6630006EFA31 /* main.swift */; };
		50041FF124CA66BA006EFA31 /* getMusicInfo.swift in Sources */ = {isa = PBXBuildFile; fileRef = 50041FF024CA66BA006EFA31 /* getMusicInfo.swift */; };
		50041FF724CA66FD006EFA31 /* tweetService.swift in Sources */ = {isa = PBXBuildFile; fileRef = 50041FF624CA66FD006EFA31 /* tweetService.swift */; };
		50281AC924CB335600EECBF0 /* editText.swift in Sources */ = {isa = PBXBuildFile; fileRef = 50281AC824CB335600EECBF0 /* editText.swift */; };
/* End PBXBuildFile section */

/* Begin PBXCopyFilesBuildPhase section */
		50041FE224CA6630006EFA31 /* CopyFiles */ = {
			isa = PBXCopyFilesBuildPhase;
			buildActionMask = 2147483647;
			dstPath = /usr/share/man/man1/;
			dstSubfolderSpec = 0;
			files = (
			);
			runOnlyForDeploymentPostprocessing = 1;
		};
/* End PBXCopyFilesBuildPhase section */

/* Begin PBXFileReference section */
		50041FE424CA6630006EFA31 /* saikyo-band */ = {isa = PBXFileReference; explicitFileType = "compiled.mach-o.executable"; includeInIndex = 0; path = "saikyo-band"; sourceTree = BUILT_PRODUCTS_DIR; };
		50041FE724CA6630006EFA31 /* main.swift */ = {isa = PBXFileReference; lastKnownFileType = sourcecode.swift; path = main.swift; sourceTree = "<group>"; };
		50041FF024CA66BA006EFA31 /* getMusicInfo.swift */ = {isa = PBXFileReference; lastKnownFileType = sourcecode.swift; path = getMusicInfo.swift; sourceTree = "<group>"; };
		50041FF624CA66FD006EFA31 /* tweetService.swift */ = {isa = PBXFileReference; lastKnownFileType = sourcecode.swift; path = tweetService.swift; sourceTree = "<group>"; };
		50281AC824CB335600EECBF0 /* editText.swift */ = {isa = PBXFileReference; fileEncoding = 4; lastKnownFileType = sourcecode.swift; name = editText.swift; path = "../../../../../../Library/Mobile Documents/com~apple~CloudDocs/.Trash/editText.swift"; sourceTree = "<group>"; };
/* End PBXFileReference section */

/* Begin PBXFrameworksBuildPhase section */
		50041FE124CA6630006EFA31 /* Frameworks */ = {
			isa = PBXFrameworksBuildPhase;
			buildActionMask = 2147483647;
			files = (
			);
			runOnlyForDeploymentPostprocessing = 0;
		};
/* End PBXFrameworksBuildPhase section */

/* Begin PBXGroup section */
		50041FDB24CA6630006EFA31 = {
			isa = PBXGroup;
			children = (
				50041FE624CA6630006EFA31 /* saikyo-band */,
				50041FE524CA6630006EFA31 /* Products */,
			);
			sourceTree = "<group>";
		};
		50041FE524CA6630006EFA31 /* Products */ = {
			isa = PBXGroup;
			children = (
				50041FE424CA6630006EFA31 /* saikyo-band */,
			);
			name = Products;
			sourceTree = "<group>";
		};
		50041FE624CA6630006EFA31 /* saikyo-band */ = {
			isa = PBXGroup;
			children = (
				50041FE724CA6630006EFA31 /* main.swift */,
				50041FF024CA66BA006EFA31 /* getMusicInfo.swift */,
				50281AC824CB335600EECBF0 /* editText.swift */,
				50041FF624CA66FD006EFA31 /* tweetService.swift */,
			);
			path = "saikyo-band";
			sourceTree = "<group>";
		};
/* End PBXGroup section */

/* Begin PBXNativeTarget section */
		50041FE324CA6630006EFA31 /* saikyo-band */ = {
			isa = PBXNativeTarget;
			buildConfigurationList = 50041FEB24CA6630006EFA31 /* Build configuration list for PBXNativeTarget "saikyo-band" */;
			buildPhases = (
				50041FE024CA6630006EFA31 /* Sources */,
				50041FE124CA6630006EFA31 /* Frameworks */,
				50041FE224CA6630006EFA31 /* CopyFiles */,
			);
			buildRules = (
			);
			dependencies = (
			);
			name = "saikyo-band";
			productName = "saikyo-band";
			productReference = 50041FE424CA6630006EFA31 /* saikyo-band */;
			productType = "com.apple.product-type.tool";
		};
/* End PBXNativeTarget section */

/* Begin PBXProject section */
		50041FDC24CA6630006EFA31 /* Project object */ = {
			isa = PBXProject;
			attributes = {
				LastSwiftUpdateCheck = 1160;
				LastUpgradeCheck = 1160;
				ORGANIZATIONNAME = I.Noro;
				TargetAttributes = {
					50041FE324CA6630006EFA31 = {
						CreatedOnToolsVersion = 11.6;
					};
				};
			};
			buildConfigurationList = 50041FDF24CA6630006EFA31 /* Build configuration list for PBXProject "saikyo-band" */;
			compatibilityVersion = "Xcode 9.3";
			developmentRegion = en;
			hasScannedForEncodings = 0;
			knownRegions = (
				en,
				Base,
			);
			mainGroup = 50041FDB24CA6630006EFA31;
			productRefGroup = 50041FE524CA6630006EFA31 /* Products */;
			projectDirPath = "";
			projectRoot = "";
			targets = (
				50041FE324CA6630006EFA31 /* saikyo-band */,
			);
		};
/* End PBXProject section */

/* Begin PBXSourcesBuildPhase section */
		50041FE024CA6630006EFA31 /* Sources */ = {
			isa = PBXSourcesBuildPhase;
			buildActionMask = 2147483647;
			files = (
				50281AC924CB335600EECBF0 /* editText.swift in Sources */,
				50041FF124CA66BA006EFA31 /* getMusicInfo.swift in Sources */,
				50041FE824CA6630006EFA31 /* main.swift in Sources */,
				50041FF724CA66FD006EFA31 /* tweetService.swift in Sources */,
			);
			runOnlyForDeploymentPostprocessing = 0;
		};
/* End PBXSourcesBuildPhase section */

/* Begin XCBuildConfiguration section */
		50041FE924CA6630006EFA31 /* Debug */ = {
			isa = XCBuildConfiguration;
			buildSettings = {
				ALWAYS_SEARCH_USER_PATHS = NO;
				CLANG_ANALYZER_NONNULL = YES;
				CLANG_ANALYZER_NUMBER_OBJECT_CONVERSION = YES_AGGRESSIVE;
				CLANG_CXX_LANGUAGE_STANDARD = "gnu++14";
				CLANG_CXX_LIBRARY = "libc++";
				CLANG_ENABLE_MODULES = YES;
				CLANG_ENABLE_OBJC_ARC = YES;
				CLANG_ENABLE_OBJC_WEAK = YES;
				CLANG_WARN_BLOCK_CAPTURE_AUTORELEASING = YES;
				CLANG_WARN_BOOL_CONVERSION = YES;
				CLANG_WARN_COMMA = YES;
				CLANG_WARN_CONSTANT_CONVERSION = YES;
				CLANG_WARN_DEPRECATED_OBJC_IMPLEMENTATIONS = YES;
				CLANG_WARN_DIRECT_OBJC_ISA_USAGE = YES_ERROR;
				CLANG_WARN_DOCUMENTATION_COMMENTS = YES;
				CLANG_WARN_EMPTY_BODY = YES;
				CLANG_WARN_ENUM_CONVERSION = YES;
				CLANG_WARN_INFINITE_RECURSION = YES;
				CLANG_WARN_INT_CONVERSION = YES;
				CLANG_WARN_NON_LITERAL_NULL_CONVERSION = YES;
				CLANG_WARN_OBJC_IMPLICIT_RETAIN_SELF = YES;
				CLANG_WARN_OBJC_LITERAL_CONVERSION = YES;
				CLANG_WARN_OBJC_ROOT_CLASS = YES_ERROR;
				CLANG_WARN_RANGE_LOOP_ANALYSIS = YES;
				CLANG_WARN_STRICT_PROTOTYPES = YES;
				CLANG_WARN_SUSPICIOUS_MOVE = YES;
				CLANG_WARN_UNGUARDED_AVAILABILITY = YES_AGGRESSIVE;
				CLANG_WARN_UNREACHABLE_CODE = YES;
				CLANG_WARN__DUPLICATE_METHOD_MATCH = YES;
				COPY_PHASE_STRIP = NO;
				DEBUG_INFORMATION_FORMAT = dwarf;
				ENABLE_STRICT_OBJC_MSGSEND = YES;
				ENABLE_TESTABILITY = YES;
				GCC_C_LANGUAGE_STANDARD = gnu11;
				GCC_DYNAMIC_NO_PIC = NO;
				GCC_NO_COMMON_BLOCKS = YES;
				GCC_OPTIMIZATION_LEVEL = 0;
				GCC_PREPROCESSOR_DEFINITIONS = (
					"DEBUG=1",
					"$(inherited)",
				);
				GCC_WARN_64_TO_32_BIT_CONVERSION = YES;
				GCC_WARN_ABOUT_RETURN_TYPE = YES_ERROR;
				GCC_WARN_UNDECLARED_SELECTOR = YES;
				GCC_WARN_UNINITIALIZED_AUTOS = YES_AGGRESSIVE;
				GCC_WARN_UNUSED_FUNCTION = YES;
				GCC_WARN_UNUSED_VARIABLE = YES;
				MACOSX_DEPLOYMENT_TARGET = 10.15;
				MTL_ENABLE_DEBUG_INFO = INCLUDE_SOURCE;
				MTL_FAST_MATH = YES;
				ONLY_ACTIVE_ARCH = YES;
				SDKROOT = macosx;
				SWIFT_ACTIVE_COMPILATION_CONDITIONS = DEBUG;
				SWIFT_OPTIMIZATION_LEVEL = "-Onone";
			};
			name = Debug;
		};
		50041FEA24CA6630006EFA31 /* Release */ = {
			isa = XCBuildConfiguration;
			buildSettings = {
				ALWAYS_SEARCH_USER_PATHS = NO;
				CLANG_ANALYZER_NONNULL = YES;
				CLANG_ANALYZER_NUMBER_OBJECT_CONVERSION = YES_AGGRESSIVE;
				CLANG_CXX_LANGUAGE_STANDARD = "gnu++14";
				CLANG_CXX_LIBRARY = "libc++";
				CLANG_ENABLE_MODULES = YES;
				CLANG_ENABLE_OBJC_ARC = YES;
				CLANG_ENABLE_OBJC_WEAK = YES;
				CLANG_WARN_BLOCK_CAPTURE_AUTORELEASING = YES;
				CLANG_WARN_BOOL_CONVERSION = YES;
				CLANG_WARN_COMMA = YES;
				CLANG_WARN_CONSTANT_CONVERSION = YES;
				CLANG_WARN_DEPRECATED_OBJC_IMPLEMENTATIONS = YES;
				CLANG_WARN_DIRECT_OBJC_ISA_USAGE = YES_ERROR;
				CLANG_WARN_DOCUMENTATION_COMMENTS = YES;
				CLANG_WARN_EMPTY_BODY = YES;
				CLANG_WARN_ENUM_CONVERSION = YES;
				CLANG_WARN_INFINITE_RECURSION = YES;
				CLANG_WARN_INT_CONVERSION = YES;
				CLANG_WARN_NON_LITERAL_NULL_CONVERSION = YES;
				CLANG_WARN_OBJC_IMPLICIT_RETAIN_SELF = YES;
				CLANG_WARN_OBJC_LITERAL_CONVERSION = YES;
				CLANG_WARN_OBJC_ROOT_CLASS = YES_ERROR;
				CLANG_WARN_RANGE_LOOP_ANALYSIS = YES;
				CLANG_WARN_STRICT_PROTOTYPES = YES;
				CLANG_WARN_SUSPICIOUS_MOVE = YES;
				CLANG_WARN_UNGUARDED_AVAILABILITY = YES_AGGRESSIVE;
				CLANG_WARN_UNREACHABLE_CODE = YES;
				CLANG_WARN__DUPLICATE_METHOD_MATCH = YES;
				COPY_PHASE_STRIP = NO;
				DEBUG_INFORMATION_FORMAT = "dwarf-with-dsym";
				ENABLE_NS_ASSERTIONS = NO;
				ENABLE_STRICT_OBJC_MSGSEND = YES;
				GCC_C_LANGUAGE_STANDARD = gnu11;
				GCC_NO_COMMON_BLOCKS = YES;
				GCC_WARN_64_TO_32_BIT_CONVERSION = YES;
				GCC_WARN_ABOUT_RETURN_TYPE = YES_ERROR;
				GCC_WARN_UNDECLARED_SELECTOR = YES;
				GCC_WARN_UNINITIALIZED_AUTOS = YES_AGGRESSIVE;
				GCC_WARN_UNUSED_FUNCTION = YES;
				GCC_WARN_UNUSED_VARIABLE = YES;
				MACOSX_DEPLOYMENT_TARGET = 10.15;
				MTL_ENABLE_DEBUG_INFO = NO;
				MTL_FAST_MATH = YES;
				SDKROOT = macosx;
				SWIFT_COMPILATION_MODE = wholemodule;
				SWIFT_OPTIMIZATION_LEVEL = "-O";
			};
			name = Release;
		};
		50041FEC24CA6630006EFA31 /* Debug */ = {
			isa = XCBuildConfiguration;
			buildSettings = {
				CODE_SIGN_STYLE = Automatic;
				PRODUCT_NAME = "$(TARGET_NAME)";
				SWIFT_VERSION = 5.0;
			};
			name = Debug;
		};
		50041FED24CA6630006EFA31 /* Release */ = {
			isa = XCBuildConfiguration;
			buildSettings = {
				CODE_SIGN_STYLE = Automatic;
				PRODUCT_NAME = "$(TARGET_NAME)";
				SWIFT_VERSION = 5.0;
			};
			name = Release;
		};
/* End XCBuildConfiguration section */

/* Begin XCConfigurationList section */
		50041FDF24CA6630006EFA31 /* Build configuration list for PBXProject "saikyo-band" */ = {
			isa = XCConfigurationList;
			buildConfigurations = (
				50041FE924CA6630006EFA31 /* Debug */,
				50041FEA24CA6630006EFA31 /* Release */,
			);
			defaultConfigurationIsVisible = 0;
			defaultConfigurationName = Release;
		};
		50041FEB24CA6630006EFA31 /* Build configuration list for PBXNativeTarget "saikyo-band" */ = {
			isa = XCConfigurationList;
			buildConfigurations = (
				50041FEC24CA6630006EFA31 /* Debug */,
				50041FED24CA6630006EFA31 /* Release */,
			);
			defaultConfigurationIsVisible = 0;
			defaultConfigurationName = Release;
		};
/* End XCConfigurationList section */
	};
	rootObject = 50041FDC24CA6630006EFA31 /* Project object */;
}
